
Microsoft Visual Studio Solution File, Format Version 12.00
# Visual Studio Version 17
VisualStudioVersion = 17.9.34728.123
MinimumVisualStudioVersion = 10.0.40219.1
Project("{FAE04EC0-301F-11D3-BF4B-00C04F79EFBC}") = "Proizv_pr", "Proizv_pr\Proizv_pr.csproj", "{DF175E4A-4F72-4419-ACDD-EF5BDF1201EE}"
EndProject
Project("{54435603-DBB4-11D2-8724-00A0C9A8B90C}") = "ProizvPrInstaller", "ProizvPrInstaller\ProizvPrInstaller.vdproj", "{D4D83F59-3581-4EE3-A01C-B22EB5DAEFA3}"
EndProject
Global
	GlobalSection(SolutionConfigurationPlatforms) = preSolution
		Debug|Any CPU = Debug|Any CPU
		Release|Any CPU = Release|Any CPU
	EndGlobalSection
	GlobalSection(ProjectConfigurationPlatforms) = postSolution
		{DF175E4A-4F72-4419-ACDD-EF5BDF1201EE}.Debug|Any CPU.ActiveCfg = Debug|Any CPU
		{DF175E4A-4F72-4419-ACDD-EF5BDF1201EE}.Debug|Any CPU.Build.0 = Debug|Any CPU
		{DF175E4A-4F72-4419-ACDD-EF5BDF1201EE}.Release|Any CPU.ActiveCfg = Release|Any CPU
		{DF175E4A-4F72-4419-ACDD-EF5BDF1201EE}.Release|Any CPU.Build.0 = Release|Any CPU
		{D4D83F59-3581-4EE3-A01C-B22EB5DAEFA3}.Debug|Any CPU.ActiveCfg = Debug
		{D4D83F59-3581-4EE3-A01C-B22EB5DAEFA3}.Release|Any CPU.ActiveCfg = Release
	EndGlobalSection
	GlobalSection(SolutionProperties) = preSolution
		HideSolutionNode = FALSE
	EndGlobalSection
	GlobalSection(ExtensibilityGlobals) = postSolution
		SolutionGuid = {941E80A9-F8D2-4FF2-9740-9EA58BC70F99}
	EndGlobalSection
EndGlobal
